Microsoft Visual Studio Solution File, Format Version 12.00
# Visual Studio Version 17
VisualStudioVersion = 17.5.2.0
MinimumVisualStudioVersion = 10.0.40219.1
Project("{FAE04EC0-301F-11D3-BF4B-00C04F79EFBC}") = "WorkLedger", "WorkLedger.csproj", "{FB2BB713-6195-DF71-E406-3099C43A1E5B}"
EndProject
Project("{FAE04EC0-301F-11D3-BF4B-00C04F79EFBC}") = "WorkLedger.Tests", "WorkLedger.Tests\WorkLedger.Tests.csproj", "{023B2685-1195-2091-39BF-4064D1FE63C5}"
EndProject
Global
	GlobalSection(SolutionConfigurationPlatforms) = preSolution
		Debug|Any CPU = Debug|Any CPU
		Release|Any CPU = Release|Any CPU
	EndGlobalSection
	GlobalSection(ProjectConfigurationPlatforms) = postSolution
		{FB2BB713-6195-DF71-E406-3099C43A1E5B}.Debug|Any CPU.ActiveCfg = Debug|Any CPU
		{FB2BB713-6195-DF71-E406-3099C43A1E5B}.Debug|Any CPU.Build.0 = Debug|Any CPU
		{FB2BB713-6195-DF71-E406-3099C43A1E5B}.Release|Any CPU.ActiveCfg = Release|Any CPU
		{FB2BB713-6195-DF71-E406-3099C43A1E5B}.Release|Any CPU.Build.0 = Release|Any CPU
		{023B2685-1195-2091-39BF-4064D1FE63C5}.Debug|Any CPU.ActiveCfg = Debug|Any CPU
		{023B2685-1195-2091-39BF-4064D1FE63C5}.Debug|Any CPU.Build.0 = Debug|Any CPU
		{023B2685-1195-2091-39BF-4064D1FE63C5}.Release|Any CPU.ActiveCfg = Release|Any CPU
		{023B2685-1195-2091-39BF-4064D1FE63C5}.Release|Any CPU.Build.0 = Release|Any CPU
	EndGlobalSection
	GlobalSection(SolutionProperties) = preSolution
		HideSolutionNode = FALSE
	EndGlobalSection
	GlobalSection(ExtensibilityGlobals) = postSolution
		SolutionGuid = {361F0DFE-7DC7-4655-8633-E430624B8AC6}
	EndGlobalSection
EndGlobal
